// !$*UTF8*$!
{
	archiveVersion = 1;
	classes = {
	};
	objectVersion = 46;
	objects = {

/* Begin PBXBuildFile section */
		E0BBA6881C31888300FA5945 /* main.c in Sources */ = {isa = PBXBuildFile; fileRef = E0BBA6861C31888300FA5945 /* main.c */; };
		E0BBA6891C31888300FA5945 /* matrix.c in Sources */ = {isa = PBXBuildFile; fileRef = E0BBA6871C31888300FA5945 /* matrix.c */; };
		E0BBA68D1C31907D00FA5945 /* tga_loader.c in Sources */ = {isa = PBXBuildFile; fileRef = E0BBA68C1C31907D00FA5945 /* tga_loader.c */; };
/* End PBXBuildFile section */

/* Begin PBXCopyFilesBuildPhase section */
		E0BBA6741C31881200FA5945 /* CopyFiles */ = {
			isa = PBXCopyFilesBuildPhase;
			buildActionMask = 2147483647;
			dstPath = /usr/share/man/man1/;
			dstSubfolderSpec = 0;
			files = (
			);
			runOnlyForDeploymentPostprocessing = 1;
		};
/* End PBXCopyFilesBuildPhase section */

/* Begin PBXFileReference section */
		E0BBA6761C31881200FA5945 /* TesiProject */ = {isa = PBXFileReference; explicitFileType = "compiled.mach-o.executable"; includeInIndex = 0; path = TesiProject; sourceTree = BUILT_PRODUCTS_DIR; };
		E0BBA6811C31888300FA5945 /* gerace_prova.pgm */ = {isa = PBXFileReference; fileEncoding = 4; lastKnownFileType = text; path = gerace_prova.pgm; sourceTree = "<group>"; };
		E0BBA6821C31888300FA5945 /* Homer.pgm */ = {isa = PBXFileReference; fileEncoding = 4; lastKnownFileType = text; path = Homer.pgm; sourceTree = "<group>"; };
		E0BBA6841C31888300FA5945 /* matrix.h */ = {isa = PBXFileReference; fileEncoding = 4; lastKnownFileType = sourcecode.c.h; path = matrix.h; sourceTree = "<group>"; };
		E0BBA6861C31888300FA5945 /* main.c */ = {isa = PBXFileReference; fileEncoding = 4; lastKnownFileType = sourcecode.c.c; path = main.c; sourceTree = "<group>"; };
		E0BBA6871C31888300FA5945 /* matrix.c */ = {isa = PBXFileReference; fileEncoding = 4; lastKnownFileType = sourcecode.c.c; path = matrix.c; sourceTree = "<group>"; };
		E0BBA68A1C318F5100FA5945 /* rosso.pgm */ = {isa = PBXFileReference; fileEncoding = 4; lastKnownFileType = text; path = rosso.pgm; sourceTree = "<group>"; };
		E0BBA68B1C31900400FA5945 /* tga_loader.h */ = {isa = PBXFileReference; lastKnownFileType = sourcecode.c.h; path = tga_loader.h; sourceTree = "<group>"; };
		E0BBA68C1C31907D00FA5945 /* tga_loader.c */ = {isa = PBXFileReference; fileEncoding = 4; lastKnownFileType = sourcecode.c.c; path = tga_loader.c; sourceTree = "<group>"; };
/* End PBXFileReference section */

/* Begin PBXFrameworksBuildPhase section */
		E0BBA6731C31881200FA5945 /* Frameworks */ = {
			isa = PBXFrameworksBuildPhase;
			buildActionMask = 2147483647;
			files = (
			);
			runOnlyForDeploymentPostprocessing = 0;
		};
/* End PBXFrameworksBuildPhase section */

/* Begin PBXGroup section */
		E0BBA66D1C31881200FA5945 = {
			isa = PBXGroup;
			children = (
				E0BBA6801C31888300FA5945 /* assets */,
				E0BBA6831C31888300FA5945 /* include */,
				E0BBA6851C31888300FA5945 /* src */,
				E0BBA6771C31881200FA5945 /* Products */,
			);
			sourceTree = "<group>";
		};
		E0BBA6771C31881200FA5945 /* Products */ = {
			isa = PBXGroup;
			children = (
				E0BBA6761C31881200FA5945 /* TesiProject */,
			);
			name = Products;
			sourceTree = "<group>";
		};
		E0BBA6801C31888300FA5945 /* assets */ = {
			isa = PBXGroup;
			children = (
				E0BBA68A1C318F5100FA5945 /* rosso.pgm */,
				E0BBA6811C31888300FA5945 /* gerace_prova.pgm */,
				E0BBA6821C31888300FA5945 /* Homer.pgm */,
			);
			path = assets;
			sourceTree = "<group>";
		};
		E0BBA6831C31888300FA5945 /* include */ = {
			isa = PBXGroup;
			children = (
				E0BBA6841C31888300FA5945 /* matrix.h */,
				E0BBA68B1C31900400FA5945 /* tga_loader.h */,
			);
			path = include;
			sourceTree = "<group>";
		};
		E0BBA6851C31888300FA5945 /* src */ = {
			isa = PBXGroup;
			children = (
				E0BBA6861C31888300FA5945 /* main.c */,
				E0BBA6871C31888300FA5945 /* matrix.c */,
				E0BBA68C1C31907D00FA5945 /* tga_loader.c */,
			);
			path = src;
			sourceTree = "<group>";
		};
/* End PBXGroup section */

/* Begin PBXNativeTarget section */
		E0BBA6751C31881200FA5945 /* TesiProject */ = {
			isa = PBXNativeTarget;
			buildConfigurationList = E0BBA67D1C31881200FA5945 /* Build configuration list for PBXNativeTarget "TesiProject" */;
			buildPhases = (
				E0BBA6721C31881200FA5945 /* Sources */,
				E0BBA6731C31881200FA5945 /* Frameworks */,
				E0BBA6741C31881200FA5945 /* CopyFiles */,
			);
			buildRules = (
			);
			dependencies = (
			);
			name = TesiProject;
			productName = TesiProject;
			productReference = E0BBA6761C31881200FA5945 /* TesiProject */;
			productType = "com.apple.product-type.tool";
		};
/* End PBXNativeTarget section */

/* Begin PBXProject section */
		E0BBA66E1C31881200FA5945 /* Project object */ = {
			isa = PBXProject;
			attributes = {
				LastUpgradeCheck = 0720;
				ORGANIZATIONNAME = "Gianmarco Stinchi";
				TargetAttributes = {
					E0BBA6751C31881200FA5945 = {
						CreatedOnToolsVersion = 7.2;
					};
				};
			};
			buildConfigurationList = E0BBA6711C31881200FA5945 /* Build configuration list for PBXProject "TesiProject" */;
			compatibilityVersion = "Xcode 3.2";
			developmentRegion = English;
			hasScannedForEncodings = 0;
			knownRegions = (
				en,
			);
			mainGroup = E0BBA66D1C31881200FA5945;
			productRefGroup = E0BBA6771C31881200FA5945 /* Products */;
			projectDirPath = "";
			projectRoot = "";
			targets = (
				E0BBA6751C31881200FA5945 /* TesiProject */,
			);
		};
/* End PBXProject section */

/* Begin PBXSourcesBuildPhase section */
		E0BBA6721C31881200FA5945 /* Sources */ = {
			isa = PBXSourcesBuildPhase;
			buildActionMask = 2147483647;
			files = (
				E0BBA68D1C31907D00FA5945 /* tga_loader.c in Sources */,
				E0BBA6891C31888300FA5945 /* matrix.c in Sources */,
				E0BBA6881C31888300FA5945 /* main.c in Sources */,
			);
			runOnlyForDeploymentPostprocessing = 0;
		};
/* End PBXSourcesBuildPhase section */

/* Begin XCBuildConfiguration section */
		E0BBA67B1C31881200FA5945 /* Debug */ = {
			isa = XCBuildConfiguration;
			buildSettings = {
				ALWAYS_SEARCH_USER_PATHS = NO;
				CLANG_CXX_LANGUAGE_STANDARD = "gnu++0x";
				CLANG_CXX_LIBRARY = "libc++";
				CLANG_ENABLE_MODULES = YES;
				CLANG_ENABLE_OBJC_ARC = YES;
				CLANG_WARN_BOOL_CONVERSION = YES;
				CLANG_WARN_CONSTANT_CONVERSION = YES;
				CLANG_WARN_DIRECT_OBJC_ISA_USAGE = YES_ERROR;
				CLANG_WARN_EMPTY_BODY = YES;
				CLANG_WARN_ENUM_CONVERSION = YES;
				CLANG_WARN_INT_CONVERSION = YES;
				CLANG_WARN_OBJC_ROOT_CLASS = YES_ERROR;
				CLANG_WARN_UNREACHABLE_CODE = YES;
				CLANG_WARN__DUPLICATE_METHOD_MATCH = YES;
				CODE_SIGN_IDENTITY = "-";
				COPY_PHASE_STRIP = NO;
				DEBUG_INFORMATION_FORMAT = dwarf;
				ENABLE_STRICT_OBJC_MSGSEND = YES;
				ENABLE_TESTABILITY = YES;
				GCC_C_LANGUAGE_STANDARD = gnu99;
				GCC_DYNAMIC_NO_PIC = NO;
				GCC_NO_COMMON_BLOCKS = YES;
				GCC_OPTIMIZATION_LEVEL = 0;
				GCC_PREPROCESSOR_DEFINITIONS = (
					"DEBUG=1",
					"$(inherited)",
				);
				GCC_WARN_64_TO_32_BIT_CONVERSION = YES;
				GCC_WARN_ABOUT_RETURN_TYPE = YES_ERROR;
				GCC_WARN_UNDECLARED_SELECTOR = YES;
				GCC_WARN_UNINITIALIZED_AUTOS = YES_AGGRESSIVE;
				GCC_WARN_UNUSED_FUNCTION = YES;
				GCC_WARN_UNUSED_VARIABLE = YES;
				MACOSX_DEPLOYMENT_TARGET = 10.11;
				MTL_ENABLE_DEBUG_INFO = YES;
				ONLY_ACTIVE_ARCH = YES;
				SDKROOT = macosx;
			};
			name = Debug;
		};
		E0BBA67C1C31881200FA5945 /* Release */ = {
			isa = XCBuildConfiguration;
			buildSettings = {
				ALWAYS_SEARCH_USER_PATHS = NO;
				CLANG_CXX_LANGUAGE_STANDARD = "gnu++0x";
				CLANG_CXX_LIBRARY = "libc++";
				CLANG_ENABLE_MODULES = YES;
				CLANG_ENABLE_OBJC_ARC = YES;
				CLANG_WARN_BOOL_CONVERSION = YES;
				CLANG_WARN_CONSTANT_CONVERSION = YES;
				CLANG_WARN_DIRECT_OBJC_ISA_USAGE = YES_ERROR;
				CLANG_WARN_EMPTY_BODY = YES;
				CLANG_WARN_ENUM_CONVERSION = YES;
				CLANG_WARN_INT_CONVERSION = YES;
				CLANG_WARN_OBJC_ROOT_CLASS = YES_ERROR;
				CLANG_WARN_UNREACHABLE_CODE = YES;
				CLANG_WARN__DUPLICATE_METHOD_MATCH = YES;
				CODE_SIGN_IDENTITY = "-";
				COPY_PHASE_STRIP = NO;
				DEBUG_INFORMATION_FORMAT = "dwarf-with-dsym";
				ENABLE_NS_ASSERTIONS = NO;
				ENABLE_STRICT_OBJC_MSGSEND = YES;
				GCC_C_LANGUAGE_STANDARD = gnu99;
				GCC_NO_COMMON_BLOCKS = YES;
				GCC_WARN_64_TO_32_BIT_CONVERSION = YES;
				GCC_WARN_ABOUT_RETURN_TYPE = YES_ERROR;
				GCC_WARN_UNDECLARED_SELECTOR = YES;
				GCC_WARN_UNINITIALIZED_AUTOS = YES_AGGRESSIVE;
				GCC_WARN_UNUSED_FUNCTION = YES;
				GCC_WARN_UNUSED_VARIABLE = YES;
				MACOSX_DEPLOYMENT_TARGET = 10.11;
				MTL_ENABLE_DEBUG_INFO = NO;
				SDKROOT = macosx;
			};
			name = Release;
		};
		E0BBA67E1C31881200FA5945 /* Debug */ = {
			isa = XCBuildConfiguration;
			buildSettings = {
				HEADER_SEARCH_PATHS = "$(SRCROOT)/include";
				PRODUCT_NAME = "$(TARGET_NAME)";
			};
			name = Debug;
		};
		E0BBA67F1C31881200FA5945 /* Release */ = {
			isa = XCBuildConfiguration;
			buildSettings = {
				HEADER_SEARCH_PATHS = "$(SRCROOT)/include";
				PRODUCT_NAME = "$(TARGET_NAME)";
			};
			name = Release;
		};
/* End XCBuildConfiguration section */

/* Begin XCConfigurationList section */
		E0BBA6711C31881200FA5945 /* Build configuration list for PBXProject "TesiProject" */ = {
			isa = XCConfigurationList;
			buildConfigurations = (
				E0BBA67B1C31881200FA5945 /* Debug */,
				E0BBA67C1C31881200FA5945 /* Release */,
			);
			defaultConfigurationIsVisible = 0;
			defaultConfigurationName = Release;
		};
		E0BBA67D1C31881200FA5945 /* Build configuration list for PBXNativeTarget "TesiProject" */ = {
			isa = XCConfigurationList;
			buildConfigurations = (
				E0BBA67E1C31881200FA5945 /* Debug */,
				E0BBA67F1C31881200FA5945 /* Release */,
			);
			defaultConfigurationIsVisible = 0;
		};
/* End XCConfigurationList section */
	};
	rootObject = E0BBA66E1C31881200FA5945 /* Project object */;
}
